
Microsoft Visual Studio Solution File, Format Version 11.00
# Visual Studio 2010
Project("{FAE04EC0-301F-11D3-BF4B-00C04F79EFBC}") = "CutOptima", "CutOptima\CutOptima.csproj", "{F6351957-19CA-4158-8B33-E328C828A20F}"
EndProject
Global
	GlobalSection(SolutionConfigurationPlatforms) = preSolution
		Debug|Any CPU = Debug|Any CPU
		Debug|Mixed Platforms = Debug|Mixed Platforms
		Debug|Win32 = Debug|Win32
		Debug|x64 = Debug|x64
		Debug|x86 = Debug|x86
		MinSizeRel|Any CPU = MinSizeRel|Any CPU
		MinSizeRel|Mixed Platforms = MinSizeRel|Mixed Platforms
		MinSizeRel|Win32 = MinSizeRel|Win32
		MinSizeRel|x64 = MinSizeRel|x64
		MinSizeRel|x86 = MinSizeRel|x86
		Release|Any CPU = Release|Any CPU
		Release|Mixed Platforms = Release|Mixed Platforms
		Release|Win32 = Release|Win32
		Release|x64 = Release|x64
		Release|x86 = Release|x86
		RelWithDebInfo|Any CPU = RelWithDebInfo|Any CPU
		RelWithDebInfo|Mixed Platforms = RelWithDebInfo|Mixed Platforms
		RelWithDebInfo|Win32 = RelWithDebInfo|Win32
		RelWithDebInfo|x64 = RelWithDebInfo|x64
		RelWithDebInfo|x86 = RelWithDebInfo|x86
	EndGlobalSection
	GlobalSection(ProjectConfigurationPlatforms) = postSolution
		{F6351957-19CA-4158-8B33-E328C828A20F}.Debug|Any CPU.ActiveCfg = Debug|Any CPU
		{F6351957-19CA-4158-8B33-E328C828A20F}.Debug|Any CPU.Build.0 = Debug|Any CPU
		{F6351957-19CA-4158-8B33-E328C828A20F}.Debug|Mixed Platforms.ActiveCfg = Debug|x86
		{F6351957-19CA-4158-8B33-E328C828A20F}.Debug|Mixed Platforms.Build.0 = Debug|x86
		{F6351957-19CA-4158-8B33-E328C828A20F}.Debug|Win32.ActiveCfg = Debug|x86
		{F6351957-19CA-4158-8B33-E328C828A20F}.Debug|x64.ActiveCfg = Debug|x64
		{F6351957-19CA-4158-8B33-E328C828A20F}.Debug|x64.Build.0 = Debug|x64
		{F6351957-19CA-4158-8B33-E328C828A20F}.Debug|x86.ActiveCfg = Debug|x86
		{F6351957-19CA-4158-8B33-E328C828A20F}.Debug|x86.Build.0 = Debug|x86
		{F6351957-19CA-4158-8B33-E328C828A20F}.MinSizeRel|Any CPU.ActiveCfg = Release|x86
		{F6351957-19CA-4158-8B33-E328C828A20F}.MinSizeRel|Mixed Platforms.ActiveCfg = Release|x86
		{F6351957-19CA-4158-8B33-E328C828A20F}.MinSizeRel|Mixed Platforms.Build.0 = Release|x86
		{F6351957-19CA-4158-8B33-E328C828A20F}.MinSizeRel|Win32.ActiveCfg = Release|x86
		{F6351957-19CA-4158-8B33-E328C828A20F}.MinSizeRel|x64.ActiveCfg = Release|x86
		{F6351957-19CA-4158-8B33-E328C828A20F}.MinSizeRel|x86.ActiveCfg = Release|x86
		{F6351957-19CA-4158-8B33-E328C828A20F}.MinSizeRel|x86.Build.0 = Release|x86
		{F6351957-19CA-4158-8B33-E328C828A20F}.Release|Any CPU.ActiveCfg = Release|Any CPU
		{F6351957-19CA-4158-8B33-E328C828A20F}.Release|Any CPU.Build.0 = Release|Any CPU
		{F6351957-19CA-4158-8B33-E328C828A20F}.Release|Mixed Platforms.ActiveCfg = Release|x86
		{F6351957-19CA-4158-8B33-E328C828A20F}.Release|Mixed Platforms.Build.0 = Release|x86
		{F6351957-19CA-4158-8B33-E328C828A20F}.Release|Win32.ActiveCfg = Release|x86
		{F6351957-19CA-4158-8B33-E328C828A20F}.Release|x64.ActiveCfg = Release|x64
		{F6351957-19CA-4158-8B33-E328C828A20F}.Release|x64.Build.0 = Release|x64
		{F6351957-19CA-4158-8B33-E328C828A20F}.Release|x86.ActiveCfg = Release|x86
		{F6351957-19CA-4158-8B33-E328C828A20F}.Release|x86.Build.0 = Release|x86
		{F6351957-19CA-4158-8B33-E328C828A20F}.RelWithDebInfo|Any CPU.ActiveCfg = Release|x86
		{F6351957-19CA-4158-8B33-E328C828A20F}.RelWithDebInfo|Mixed Platforms.ActiveCfg = Release|x86
		{F6351957-19CA-4158-8B33-E328C828A20F}.RelWithDebInfo|Mixed Platforms.Build.0 = Release|x86
		{F6351957-19CA-4158-8B33-E328C828A20F}.RelWithDebInfo|Win32.ActiveCfg = Release|x86
		{F6351957-19CA-4158-8B33-E328C828A20F}.RelWithDebInfo|x64.ActiveCfg = Release|x86
		{F6351957-19CA-4158-8B33-E328C828A20F}.RelWithDebInfo|x86.ActiveCfg = Release|x86
		{F6351957-19CA-4158-8B33-E328C828A20F}.RelWithDebInfo|x86.Build.0 = Release|x86
	EndGlobalSection
	GlobalSection(SolutionProperties) = preSolution
		HideSolutionNode = FALSE
	EndGlobalSection
EndGlobal
